
Microsoft Visual Studio Solution File, Format Version 12.00
# Visual Studio 2012
Project("{FAE04EC0-301F-11D3-BF4B-00C04F79EFBC}") = "SimpleMVVM.Android", "SimpleMVVM.Android\SimpleMVVM.Android.csproj", "{C53BA33F-914F-46C5-96BA-072EC8E8DE2B}"
EndProject
Project("{FAE04EC0-301F-11D3-BF4B-00C04F79EFBC}") = "SimpleMVVM.iOS", "SimpleMVVM.iOS\SimpleMVVM.iOS.csproj", "{87469882-9C31-4CA7-BA67-340F4ED32AB9}"
EndProject
Project("{FAE04EC0-301F-11D3-BF4B-00C04F79EFBC}") = "SimpleMVVM", "SimpleMVVM\SimpleMVVM.csproj", "{DB7E2500-4603-4ADB-A32E-0969B4C9F08B}"
EndProject
Global
	GlobalSection(SolutionConfigurationPlatforms) = preSolution
		Debug|Any CPU = Debug|Any CPU
		Release|Any CPU = Release|Any CPU
		Debug|iPhoneSimulator = Debug|iPhoneSimulator
		Release|iPhoneSimulator = Release|iPhoneSimulator
		Debug|iPhone = Debug|iPhone
		Release|iPhone = Release|iPhone
		Ad-Hoc|iPhone = Ad-Hoc|iPhone
		AppStore|iPhone = AppStore|iPhone
	EndGlobalSection
	GlobalSection(ProjectConfigurationPlatforms) = postSolution
		{C53BA33F-914F-46C5-96BA-072EC8E8DE2B}.Debug|Any CPU.ActiveCfg = Debug|Any CPU
		{C53BA33F-914F-46C5-96BA-072EC8E8DE2B}.Debug|Any CPU.Build.0 = Debug|Any CPU
		{C53BA33F-914F-46C5-96BA-072EC8E8DE2B}.Release|Any CPU.ActiveCfg = Release|Any CPU
		{C53BA33F-914F-46C5-96BA-072EC8E8DE2B}.Release|Any CPU.Build.0 = Release|Any CPU
		{C53BA33F-914F-46C5-96BA-072EC8E8DE2B}.Debug|iPhoneSimulator.ActiveCfg = Debug|Any CPU
		{C53BA33F-914F-46C5-96BA-072EC8E8DE2B}.Debug|iPhoneSimulator.Build.0 = Debug|Any CPU
		{C53BA33F-914F-46C5-96BA-072EC8E8DE2B}.Release|iPhoneSimulator.ActiveCfg = Release|Any CPU
		{C53BA33F-914F-46C5-96BA-072EC8E8DE2B}.Release|iPhoneSimulator.Build.0 = Release|Any CPU
		{C53BA33F-914F-46C5-96BA-072EC8E8DE2B}.Debug|iPhone.ActiveCfg = Debug|Any CPU
		{C53BA33F-914F-46C5-96BA-072EC8E8DE2B}.Debug|iPhone.Build.0 = Debug|Any CPU
		{C53BA33F-914F-46C5-96BA-072EC8E8DE2B}.Release|iPhone.ActiveCfg = Release|Any CPU
		{C53BA33F-914F-46C5-96BA-072EC8E8DE2B}.Release|iPhone.Build.0 = Release|Any CPU
		{C53BA33F-914F-46C5-96BA-072EC8E8DE2B}.Ad-Hoc|iPhone.ActiveCfg = Debug|Any CPU
		{C53BA33F-914F-46C5-96BA-072EC8E8DE2B}.Ad-Hoc|iPhone.Build.0 = Debug|Any CPU
		{C53BA33F-914F-46C5-96BA-072EC8E8DE2B}.AppStore|iPhone.ActiveCfg = Debug|Any CPU
		{C53BA33F-914F-46C5-96BA-072EC8E8DE2B}.AppStore|iPhone.Build.0 = Debug|Any CPU
		{87469882-9C31-4CA7-BA67-340F4ED32AB9}.Debug|Any CPU.ActiveCfg = Debug|iPhoneSimulator
		{87469882-9C31-4CA7-BA67-340F4ED32AB9}.Debug|Any CPU.Build.0 = Debug|iPhoneSimulator
		{87469882-9C31-4CA7-BA67-340F4ED32AB9}.Release|Any CPU.ActiveCfg = Release|iPhoneSimulator
		{87469882-9C31-4CA7-BA67-340F4ED32AB9}.Release|Any CPU.Build.0 = Release|iPhoneSimulator
		{87469882-9C31-4CA7-BA67-340F4ED32AB9}.Debug|iPhoneSimulator.ActiveCfg = Debug|iPhoneSimulator
		{87469882-9C31-4CA7-BA67-340F4ED32AB9}.Debug|iPhoneSimulator.Build.0 = Debug|iPhoneSimulator
		{87469882-9C31-4CA7-BA67-340F4ED32AB9}.Release|iPhoneSimulator.ActiveCfg = Release|iPhoneSimulator
		{87469882-9C31-4CA7-BA67-340F4ED32AB9}.Release|iPhoneSimulator.Build.0 = Release|iPhoneSimulator
		{87469882-9C31-4CA7-BA67-340F4ED32AB9}.Debug|iPhone.ActiveCfg = Debug|iPhone
		{87469882-9C31-4CA7-BA67-340F4ED32AB9}.Debug|iPhone.Build.0 = Debug|iPhone
		{87469882-9C31-4CA7-BA67-340F4ED32AB9}.Release|iPhone.ActiveCfg = Release|iPhone
		{87469882-9C31-4CA7-BA67-340F4ED32AB9}.Release|iPhone.Build.0 = Release|iPhone
		{87469882-9C31-4CA7-BA67-340F4ED32AB9}.Ad-Hoc|iPhone.ActiveCfg = Ad-Hoc|iPhone
		{87469882-9C31-4CA7-BA67-340F4ED32AB9}.Ad-Hoc|iPhone.Build.0 = Ad-Hoc|iPhone
		{87469882-9C31-4CA7-BA67-340F4ED32AB9}.AppStore|iPhone.ActiveCfg = AppStore|iPhone
		{87469882-9C31-4CA7-BA67-340F4ED32AB9}.AppStore|iPhone.Build.0 = AppStore|iPhone
		{DB7E2500-4603-4ADB-A32E-0969B4C9F08B}.Debug|Any CPU.ActiveCfg = Debug|Any CPU
		{DB7E2500-4603-4ADB-A32E-0969B4C9F08B}.Debug|Any CPU.Build.0 = Debug|Any CPU
		{DB7E2500-4603-4ADB-A32E-0969B4C9F08B}.Release|Any CPU.ActiveCfg = Release|Any CPU
		{DB7E2500-4603-4ADB-A32E-0969B4C9F08B}.Release|Any CPU.Build.0 = Release|Any CPU
		{DB7E2500-4603-4ADB-A32E-0969B4C9F08B}.Debug|iPhoneSimulator.ActiveCfg = Debug|Any CPU
		{DB7E2500-4603-4ADB-A32E-0969B4C9F08B}.Debug|iPhoneSimulator.Build.0 = Debug|Any CPU
		{DB7E2500-4603-4ADB-A32E-0969B4C9F08B}.Release|iPhoneSimulator.ActiveCfg = Release|Any CPU
		{DB7E2500-4603-4ADB-A32E-0969B4C9F08B}.Release|iPhoneSimulator.Build.0 = Release|Any CPU
		{DB7E2500-4603-4ADB-A32E-0969B4C9F08B}.Debug|iPhone.ActiveCfg = Debug|Any CPU
		{DB7E2500-4603-4ADB-A32E-0969B4C9F08B}.Debug|iPhone.Build.0 = Debug|Any CPU
		{DB7E2500-4603-4ADB-A32E-0969B4C9F08B}.Release|iPhone.ActiveCfg = Release|Any CPU
		{DB7E2500-4603-4ADB-A32E-0969B4C9F08B}.Release|iPhone.Build.0 = Release|Any CPU
		{DB7E2500-4603-4ADB-A32E-0969B4C9F08B}.Ad-Hoc|iPhone.ActiveCfg = Debug|Any CPU
		{DB7E2500-4603-4ADB-A32E-0969B4C9F08B}.Ad-Hoc|iPhone.Build.0 = Debug|Any CPU
		{DB7E2500-4603-4ADB-A32E-0969B4C9F08B}.AppStore|iPhone.ActiveCfg = Debug|Any CPU
		{DB7E2500-4603-4ADB-A32E-0969B4C9F08B}.AppStore|iPhone.Build.0 = Debug|Any CPU
	EndGlobalSection
EndGlobal
